
Microsoft Visual Studio Solution File, Format Version 12.00
# Visual Studio Version 17
VisualStudioVersion = 17.0.32112.339
MinimumVisualStudioVersion = 10.0.40219.1
Project("{FAE04EC0-301F-11D3-BF4B-00C04F79EFBC}") = "YeelightWebApi", "YeelightWebApi\YeelightWebApi.csproj", "{EAAC1166-7403-4922-8237-B636C4460035}"
EndProject
Project("{2150E333-8FDC-42A3-9474-1A3956D46DE8}") = "Solution Items", "Solution Items", "{3633BC51-ABB7-4C07-8968-2D37AAE701B1}"
	ProjectSection(SolutionItems) = preProject
		.editorconfig = .editorconfig
	EndProjectSection
EndProject
Global
	GlobalSection(SolutionConfigurationPlatforms) = preSolution
		Debug|Any CPU = Debug|Any CPU
		Release|Any CPU = Release|Any CPU
	EndGlobalSection
	GlobalSection(ProjectConfigurationPlatforms) = postSolution
		{EAAC1166-7403-4922-8237-B636C4460035}.Debug|Any CPU.ActiveCfg = Debug|Any CPU
		{EAAC1166-7403-4922-8237-B636C4460035}.Debug|Any CPU.Build.0 = Debug|Any CPU
		{EAAC1166-7403-4922-8237-B636C4460035}.Release|Any CPU.ActiveCfg = Release|Any CPU
		{EAAC1166-7403-4922-8237-B636C4460035}.Release|Any CPU.Build.0 = Release|Any CPU
	EndGlobalSection
	GlobalSection(SolutionProperties) = preSolution
		HideSolutionNode = FALSE
	EndGlobalSection
	GlobalSection(ExtensibilityGlobals) = postSolution
		SolutionGuid = {D75B7B4F-084B-41C1-B0C7-A01ECEA3EFB1}
	EndGlobalSection
EndGlobal
